
Microsoft Visual Studio Solution File, Format Version 12.00
# Visual Studio Version 17
VisualStudioVersion = 17.9.34723.18
MinimumVisualStudioVersion = 10.0.40219.1
Project("{9A19103F-16F7-4668-BE54-9A1E7A4F7556}") = "Numerics", "Numerics\Numerics.csproj", "{9C8B75DE-ABF2-42D3-96C7-18405AD16488}"
EndProject
Project("{9A19103F-16F7-4668-BE54-9A1E7A4F7556}") = "Test_Numerics", "Test_Numerics\Test_Numerics.csproj", "{C6800F28-6FBE-48D8-A2F8-B1B396671D36}"
EndProject
Project("{2150E333-8FDC-42A3-9474-1A3956D46DE8}") = "4.8.1", "4.8.1", "{89356771-2D37-41F8-B876-D33E39BE1782}"
EndProject
Project("{2150E333-8FDC-42A3-9474-1A3956D46DE8}") = "8.0", "8.0", "{23A61923-D386-4E47-B46E-05C58D4288B9}"
EndProject
Project("{FAE04EC0-301F-11D3-BF4B-00C04F79EFBC}") = "Numerics", "..\4.8.1\Numerics\Numerics.csproj", "{FCAFBC53-72C3-0F70-07F2-E14A0FDAFF8D}"
EndProject
Project("{FAE04EC0-301F-11D3-BF4B-00C04F79EFBC}") = "Test_Numerics", "..\4.8.1\Test_Numerics\Test_Numerics.csproj", "{8678A0E8-72BE-49FA-818D-4472AE23B1FD}"
EndProject
Global
	GlobalSection(SolutionConfigurationPlatforms) = preSolution
		Debug|Any CPU = Debug|Any CPU
		Debug|x64 = Debug|x64
		Release|Any CPU = Release|Any CPU
		Release|x64 = Release|x64
	EndGlobalSection
	GlobalSection(ProjectConfigurationPlatforms) = postSolution
		{9C8B75DE-ABF2-42D3-96C7-18405AD16488}.Debug|Any CPU.ActiveCfg = Debug|Any CPU
		{9C8B75DE-ABF2-42D3-96C7-18405AD16488}.Debug|Any CPU.Build.0 = Debug|Any CPU
		{9C8B75DE-ABF2-42D3-96C7-18405AD16488}.Debug|x64.ActiveCfg = Debug|Any CPU
		{9C8B75DE-ABF2-42D3-96C7-18405AD16488}.Debug|x64.Build.0 = Debug|Any CPU
		{9C8B75DE-ABF2-42D3-96C7-18405AD16488}.Release|Any CPU.ActiveCfg = Release|Any CPU
		{9C8B75DE-ABF2-42D3-96C7-18405AD16488}.Release|Any CPU.Build.0 = Release|Any CPU
		{9C8B75DE-ABF2-42D3-96C7-18405AD16488}.Release|x64.ActiveCfg = Release|Any CPU
		{9C8B75DE-ABF2-42D3-96C7-18405AD16488}.Release|x64.Build.0 = Release|Any CPU
		{C6800F28-6FBE-48D8-A2F8-B1B396671D36}.Debug|Any CPU.ActiveCfg = Debug|Any CPU
		{C6800F28-6FBE-48D8-A2F8-B1B396671D36}.Debug|Any CPU.Build.0 = Debug|Any CPU
		{C6800F28-6FBE-48D8-A2F8-B1B396671D36}.Debug|x64.ActiveCfg = Debug|Any CPU
		{C6800F28-6FBE-48D8-A2F8-B1B396671D36}.Debug|x64.Build.0 = Debug|Any CPU
		{C6800F28-6FBE-48D8-A2F8-B1B396671D36}.Release|Any CPU.ActiveCfg = Release|Any CPU
		{C6800F28-6FBE-48D8-A2F8-B1B396671D36}.Release|Any CPU.Build.0 = Release|Any CPU
		{C6800F28-6FBE-48D8-A2F8-B1B396671D36}.Release|x64.ActiveCfg = Release|Any CPU
		{C6800F28-6FBE-48D8-A2F8-B1B396671D36}.Release|x64.Build.0 = Release|Any CPU
		{FCAFBC53-72C3-0F70-07F2-E14A0FDAFF8D}.Debug|Any CPU.ActiveCfg = Debug|Any CPU
		{FCAFBC53-72C3-0F70-07F2-E14A0FDAFF8D}.Debug|Any CPU.Build.0 = Debug|Any CPU
		{FCAFBC53-72C3-0F70-07F2-E14A0FDAFF8D}.Debug|x64.ActiveCfg = Debug|x64
		{FCAFBC53-72C3-0F70-07F2-E14A0FDAFF8D}.Debug|x64.Build.0 = Debug|x64
		{FCAFBC53-72C3-0F70-07F2-E14A0FDAFF8D}.Release|Any CPU.ActiveCfg = Release|Any CPU
		{FCAFBC53-72C3-0F70-07F2-E14A0FDAFF8D}.Release|Any CPU.Build.0 = Release|Any CPU
		{FCAFBC53-72C3-0F70-07F2-E14A0FDAFF8D}.Release|x64.ActiveCfg = Release|x64
		{FCAFBC53-72C3-0F70-07F2-E14A0FDAFF8D}.Release|x64.Build.0 = Release|x64
		{8678A0E8-72BE-49FA-818D-4472AE23B1FD}.Debug|Any CPU.ActiveCfg = Debug|Any CPU
		{8678A0E8-72BE-49FA-818D-4472AE23B1FD}.Debug|Any CPU.Build.0 = Debug|Any CPU
		{8678A0E8-72BE-49FA-818D-4472AE23B1FD}.Debug|x64.ActiveCfg = Debug|x64
		{8678A0E8-72BE-49FA-818D-4472AE23B1FD}.Debug|x64.Build.0 = Debug|x64
		{8678A0E8-72BE-49FA-818D-4472AE23B1FD}.Release|Any CPU.ActiveCfg = Release|Any CPU
		{8678A0E8-72BE-49FA-818D-4472AE23B1FD}.Release|Any CPU.Build.0 = Release|Any CPU
		{8678A0E8-72BE-49FA-818D-4472AE23B1FD}.Release|x64.ActiveCfg = Release|x64
		{8678A0E8-72BE-49FA-818D-4472AE23B1FD}.Release|x64.Build.0 = Release|x64
	EndGlobalSection
	GlobalSection(SolutionProperties) = preSolution
		HideSolutionNode = FALSE
	EndGlobalSection
	GlobalSection(NestedProjects) = preSolution
		{9C8B75DE-ABF2-42D3-96C7-18405AD16488} = {23A61923-D386-4E47-B46E-05C58D4288B9}
		{C6800F28-6FBE-48D8-A2F8-B1B396671D36} = {23A61923-D386-4E47-B46E-05C58D4288B9}
		{FCAFBC53-72C3-0F70-07F2-E14A0FDAFF8D} = {89356771-2D37-41F8-B876-D33E39BE1782}
		{8678A0E8-72BE-49FA-818D-4472AE23B1FD} = {89356771-2D37-41F8-B876-D33E39BE1782}
	EndGlobalSection
	GlobalSection(ExtensibilityGlobals) = postSolution
		SolutionGuid = {767967A0-1040-43A1-AC10-1D5195FA2DF2}
	EndGlobalSection
EndGlobal
