
Microsoft Visual Studio Solution File, Format Version 12.00
# Visual Studio Version 16
VisualStudioVersion = 16.0.29020.237
MinimumVisualStudioVersion = 10.0.40219.1
Project("{FAE04EC0-301F-11D3-BF4B-00C04F79EFBC}") = "Numerics", "Numerics\Numerics.csproj", "{FCAFBC53-72C3-0F70-07F2-E14A0FDAFF8D}"
EndProject
Project("{FAE04EC0-301F-11D3-BF4B-00C04F79EFBC}") = "Test_Numerics", "Test_Numerics\Test_Numerics.csproj", "{8678A0E8-72BE-49FA-818D-4472AE23B1FD}"
	ProjectSection(ProjectDependencies) = postProject
		{FCAFBC53-72C3-0F70-07F2-E14A0FDAFF8D} = {FCAFBC53-72C3-0F70-07F2-E14A0FDAFF8D}
	EndProjectSection
EndProject
Global
	GlobalSection(SolutionConfigurationPlatforms) = preSolution
		Debug|Any CPU = Debug|Any CPU
		Debug|x64 = Debug|x64
		Release|Any CPU = Release|Any CPU
		Release|x64 = Release|x64
	EndGlobalSection
	GlobalSection(ProjectConfigurationPlatforms) = postSolution
		{FCAFBC53-72C3-0F70-07F2-E14A0FDAFF8D}.Debug|Any CPU.ActiveCfg = Debug|Any CPU
		{FCAFBC53-72C3-0F70-07F2-E14A0FDAFF8D}.Debug|Any CPU.Build.0 = Debug|Any CPU
		{FCAFBC53-72C3-0F70-07F2-E14A0FDAFF8D}.Debug|x64.ActiveCfg = Debug|Any CPU
		{FCAFBC53-72C3-0F70-07F2-E14A0FDAFF8D}.Debug|x64.Build.0 = Debug|Any CPU
		{FCAFBC53-72C3-0F70-07F2-E14A0FDAFF8D}.Release|Any CPU.ActiveCfg = Release|Any CPU
		{FCAFBC53-72C3-0F70-07F2-E14A0FDAFF8D}.Release|Any CPU.Build.0 = Release|Any CPU
		{FCAFBC53-72C3-0F70-07F2-E14A0FDAFF8D}.Release|x64.ActiveCfg = Release|x64
		{FCAFBC53-72C3-0F70-07F2-E14A0FDAFF8D}.Release|x64.Build.0 = Release|x64
		{8678A0E8-72BE-49FA-818D-4472AE23B1FD}.Debug|Any CPU.ActiveCfg = Debug|Any CPU
		{8678A0E8-72BE-49FA-818D-4472AE23B1FD}.Debug|Any CPU.Build.0 = Debug|Any CPU
		{8678A0E8-72BE-49FA-818D-4472AE23B1FD}.Debug|x64.ActiveCfg = Debug|Any CPU
		{8678A0E8-72BE-49FA-818D-4472AE23B1FD}.Debug|x64.Build.0 = Debug|Any CPU
		{8678A0E8-72BE-49FA-818D-4472AE23B1FD}.Release|Any CPU.ActiveCfg = Release|Any CPU
		{8678A0E8-72BE-49FA-818D-4472AE23B1FD}.Release|Any CPU.Build.0 = Release|Any CPU
		{8678A0E8-72BE-49FA-818D-4472AE23B1FD}.Release|x64.ActiveCfg = Release|x64
		{8678A0E8-72BE-49FA-818D-4472AE23B1FD}.Release|x64.Build.0 = Release|x64
	EndGlobalSection
	GlobalSection(SolutionProperties) = preSolution
		HideSolutionNode = FALSE
	EndGlobalSection
	GlobalSection(ExtensibilityGlobals) = postSolution
		SolutionGuid = {10DC2B5D-47BF-4092-8CBA-239FFFFAA40D}
	EndGlobalSection
EndGlobal
